github.com/Shobhit130/dog v0.0.0-20230809055821-3092e70eb337 h1:OMTiFbHSH+ged8d1dKUZxEsHaOzhbNZ1K0lDBMG9ts4=
github.com/Shobhit130/dog v0.0.0-20230809055821-3092e70eb337/go.mod h1:OMX55bcajN8G+6e0v4mbCQ3PkvnWMeFvKWNozCjipwY=
github.com/Shobhit130/puppy v0.0.0-20230809053814-86addce2ed29 h1:WL21SfkqNngVQxyPh2Ir03keP3ZCNsvye2As2AqXf/U=
github.com/Shobhit130/puppy v0.0.0-20230809053814-86addce2ed29/go.mod h1:MzzC09gylKtEcLANrtR77FPd0HlAWsRWNcAVT3UZ1Qg=
github.com/Shobhit130/puppy v0.0.0-20230809062549-c0599ab305da h1:wxJyjmwoYou0JLiCzCL7NuDlf0R9eGcBeAPnfZCAhgI=
github.com/Shobhit130/puppy v0.0.0-20230809062549-c0599ab305da/go.mod h1:xweiV0u3UOEAhawCrY5ii4rKjTFcFIhOoXr/7/eVPqM=
