github.com/Shobhit130/dog v0.0.0-20230809055821-3092e70eb337 h1:OMTiFbHSH+ged8d1dKUZxEsHaOzhbNZ1K0lDBMG9ts4=
github.com/Shobhit130/dog v0.0.0-20230809055821-3092e70eb337/go.mod h1:OMX55bcajN8G+6e0v4mbCQ3PkvnWMeFvKWNozCjipwY=
github.com/Shobhit130/puppy v1.2.0 h1:xKNsRZgbdsl0fCOIc11Vx58PesfsEbFg+R7ALTV/DeM=
github.com/Shobhit130/puppy v1.2.0/go.mod h1:aHbW+cah9s+Ww41svrqr558KWfCeMoxTPWEORLxlsJg=
